// !$*UTF8*$!
{
	archiveVersion = 1;
	classes = {
	};
	objectVersion = 48;
	objects = {

/* Begin PBXBuildFile section */
		A65EC8071FD988400034B379 /* Model.xcdatamodeld in Sources */ = {isa = PBXBuildFile; fileRef = A65EC8051FD988400034B379 /* Model.xcdatamodeld */; };
		A65EC8091FD993860034B379 /* Pin.swift in Sources */ = {isa = PBXBuildFile; fileRef = A65EC8081FD993860034B379 /* Pin.swift */; };
		A65EC80B1FD993960034B379 /* Photo.swift in Sources */ = {isa = PBXBuildFile; fileRef = A65EC80A1FD993960034B379 /* Photo.swift */; };
		A65EC80D1FD994CF0034B379 /* LaunchScreen.xib in Resources */ = {isa = PBXBuildFile; fileRef = A65EC80C1FD994CF0034B379 /* LaunchScreen.xib */; };
		A661D9311FD771FB004CF5B8 /* AppDelegate.swift in Sources */ = {isa = PBXBuildFile; fileRef = A661D9301FD771FB004CF5B8 /* AppDelegate.swift */; };
		A661D9331FD771FB004CF5B8 /* TravelLocationsMapViewController.swift in Sources */ = {isa = PBXBuildFile; fileRef = A661D9321FD771FB004CF5B8 /* TravelLocationsMapViewController.swift */; };
		A661D9361FD771FB004CF5B8 /* Main.storyboard in Resources */ = {isa = PBXBuildFile; fileRef = A661D9341FD771FB004CF5B8 /* Main.storyboard */; };
		A661D9381FD771FB004CF5B8 /* Assets.xcassets in Resources */ = {isa = PBXBuildFile; fileRef = A661D9371FD771FB004CF5B8 /* Assets.xcassets */; };
		A661D93B1FD771FB004CF5B8 /* LaunchScreen.storyboard in Resources */ = {isa = PBXBuildFile; fileRef = A661D9391FD771FB004CF5B8 /* LaunchScreen.storyboard */; };
		A68F2CE61FD772E8005D4342 /* PhotoAlbumViewController.swift in Sources */ = {isa = PBXBuildFile; fileRef = A68F2CE51FD772E8005D4342 /* PhotoAlbumViewController.swift */; };
		A68F2CF61FD773EF005D4342 /* Contents.json in Resources */ = {isa = PBXBuildFile; fileRef = A68F2CF51FD773EF005D4342 /* Contents.json */; };
/* End PBXBuildFile section */

/* Begin PBXFileReference section */
		A65EC8061FD988400034B379 /* Model.xcdatamodel */ = {isa = PBXFileReference; lastKnownFileType = wrapper.xcdatamodel; path = Model.xcdatamodel; sourceTree = "<group>"; };
		A65EC8081FD993860034B379 /* Pin.swift */ = {isa = PBXFileReference; lastKnownFileType = sourcecode.swift; path = Pin.swift; sourceTree = "<group>"; };
		A65EC80A1FD993960034B379 /* Photo.swift */ = {isa = PBXFileReference; lastKnownFileType = sourcecode.swift; path = Photo.swift; sourceTree = "<group>"; };
		A65EC80C1FD994CF0034B379 /* LaunchScreen.xib */ = {isa = PBXFileReference; fileEncoding = 4; lastKnownFileType = file.xib; path = LaunchScreen.xib; sourceTree = "<group>"; };
		A661D92D1FD771FB004CF5B8 /* Virtual Tourist.app */ = {isa = PBXFileReference; explicitFileType = wrapper.application; includeInIndex = 0; path = "Virtual Tourist.app"; sourceTree = BUILT_PRODUCTS_DIR; };
		A661D9301FD771FB004CF5B8 /* AppDelegate.swift */ = {isa = PBXFileReference; lastKnownFileType = sourcecode.swift; path = AppDelegate.swift; sourceTree = "<group>"; };
		A661D9321FD771FB004CF5B8 /* TravelLocationsMapViewController.swift */ = {isa = PBXFileReference; lastKnownFileType = sourcecode.swift; path = TravelLocationsMapViewController.swift; sourceTree = "<group>"; };
		A661D9351FD771FB004CF5B8 /* Base */ = {isa = PBXFileReference; lastKnownFileType = file.storyboard; name = Base; path = Base.lproj/Main.storyboard; sourceTree = "<group>"; };
		A661D9371FD771FB004CF5B8 /* Assets.xcassets */ = {isa = PBXFileReference; lastKnownFileType = folder.assetcatalog; path = Assets.xcassets; sourceTree = "<group>"; };
		A661D93A1FD771FB004CF5B8 /* Base */ = {isa = PBXFileReference; lastKnownFileType = file.storyboard; name = Base; path = Base.lproj/LaunchScreen.storyboard; sourceTree = "<group>"; };
		A661D93C1FD771FB004CF5B8 /* Info.plist */ = {isa = PBXFileReference; lastKnownFileType = text.plist.xml; path = Info.plist; sourceTree = "<group>"; };
		A68F2CE51FD772E8005D4342 /* PhotoAlbumViewController.swift */ = {isa = PBXFileReference; lastKnownFileType = sourcecode.swift; path = PhotoAlbumViewController.swift; sourceTree = "<group>"; };
		A68F2CF51FD773EF005D4342 /* Contents.json */ = {isa = PBXFileReference; fileEncoding = 4; lastKnownFileType = text.json; name = Contents.json; path = Assets.xcassets/AppIcon.appiconset/Contents.json; sourceTree = "<group>"; };
/* End PBXFileReference section */

/* Begin PBXFrameworksBuildPhase section */
		A661D92A1FD771FB004CF5B8 /* Frameworks */ = {
			isa = PBXFrameworksBuildPhase;
			buildActionMask = 2147483647;
			files = (
			);
			runOnlyForDeploymentPostprocessing = 0;
		};
/* End PBXFrameworksBuildPhase section */

/* Begin PBXGroup section */
		A661D9241FD771FB004CF5B8 = {
			isa = PBXGroup;
			children = (
				A661D92F1FD771FB004CF5B8 /* Virtual Tourist */,
				A661D92E1FD771FB004CF5B8 /* Products */,
			);
			sourceTree = "<group>";
		};
		A661D92E1FD771FB004CF5B8 /* Products */ = {
			isa = PBXGroup;
			children = (
				A661D92D1FD771FB004CF5B8 /* Virtual Tourist.app */,
			);
			name = Products;
			sourceTree = "<group>";
		};
		A661D92F1FD771FB004CF5B8 /* Virtual Tourist */ = {
			isa = PBXGroup;
			children = (
				A661D9301FD771FB004CF5B8 /* AppDelegate.swift */,
				A661D9321FD771FB004CF5B8 /* TravelLocationsMapViewController.swift */,
				A68F2CE51FD772E8005D4342 /* PhotoAlbumViewController.swift */,
				A661D9341FD771FB004CF5B8 /* Main.storyboard */,
				A65EC8051FD988400034B379 /* Model.xcdatamodeld */,
				A65EC8081FD993860034B379 /* Pin.swift */,
				A65EC80A1FD993960034B379 /* Photo.swift */,
				A661D9371FD771FB004CF5B8 /* Assets.xcassets */,
				A68F2CF51FD773EF005D4342 /* Contents.json */,
				A661D9391FD771FB004CF5B8 /* LaunchScreen.storyboard */,
				A65EC80C1FD994CF0034B379 /* LaunchScreen.xib */,
				A661D93C1FD771FB004CF5B8 /* Info.plist */,
			);
			path = "Virtual Tourist";
			sourceTree = "<group>";
		};
/* End PBXGroup section */

/* Begin PBXNativeTarget section */
		A661D92C1FD771FB004CF5B8 /* Virtual Tourist */ = {
			isa = PBXNativeTarget;
			buildConfigurationList = A661D93F1FD771FB004CF5B8 /* Build configuration list for PBXNativeTarget "Virtual Tourist" */;
			buildPhases = (
				A661D9291FD771FB004CF5B8 /* Sources */,
				A661D92A1FD771FB004CF5B8 /* Frameworks */,
				A661D92B1FD771FB004CF5B8 /* Resources */,
			);
			buildRules = (
			);
			dependencies = (
			);
			name = "Virtual Tourist";
			productName = "Virtual Tourist";
			productReference = A661D92D1FD771FB004CF5B8 /* Virtual Tourist.app */;
			productType = "com.apple.product-type.application";
		};
/* End PBXNativeTarget section */

/* Begin PBXProject section */
		A661D9251FD771FB004CF5B8 /* Project object */ = {
			isa = PBXProject;
			attributes = {
				LastSwiftUpdateCheck = 0910;
				LastUpgradeCheck = 0910;
				ORGANIZATIONNAME = luko;
				TargetAttributes = {
					A661D92C1FD771FB004CF5B8 = {
						CreatedOnToolsVersion = 9.1;
						ProvisioningStyle = Automatic;
					};
				};
			};
			buildConfigurationList = A661D9281FD771FB004CF5B8 /* Build configuration list for PBXProject "Virtual Tourist" */;
			compatibilityVersion = "Xcode 8.0";
			developmentRegion = en;
			hasScannedForEncodings = 0;
			knownRegions = (
				en,
				Base,
			);
			mainGroup = A661D9241FD771FB004CF5B8;
			productRefGroup = A661D92E1FD771FB004CF5B8 /* Products */;
			projectDirPath = "";
			projectRoot = "";
			targets = (
				A661D92C1FD771FB004CF5B8 /* Virtual Tourist */,
			);
		};
/* End PBXProject section */

/* Begin PBXResourcesBuildPhase section */
		A661D92B1FD771FB004CF5B8 /* Resources */ = {
			isa = PBXResourcesBuildPhase;
			buildActionMask = 2147483647;
			files = (
				A65EC80D1FD994CF0034B379 /* LaunchScreen.xib in Resources */,
				A661D93B1FD771FB004CF5B8 /* LaunchScreen.storyboard in Resources */,
				A661D9381FD771FB004CF5B8 /* Assets.xcassets in Resources */,
				A661D9361FD771FB004CF5B8 /* Main.storyboard in Resources */,
				A68F2CF61FD773EF005D4342 /* Contents.json in Resources */,
			);
			runOnlyForDeploymentPostprocessing = 0;
		};
/* End PBXResourcesBuildPhase section */

/* Begin PBXSourcesBuildPhase section */
		A661D9291FD771FB004CF5B8 /* Sources */ = {
			isa = PBXSourcesBuildPhase;
			buildActionMask = 2147483647;
			files = (
				A65EC80B1FD993960034B379 /* Photo.swift in Sources */,
				A65EC8091FD993860034B379 /* Pin.swift in Sources */,
				A661D9331FD771FB004CF5B8 /* TravelLocationsMapViewController.swift in Sources */,
				A661D9311FD771FB004CF5B8 /* AppDelegate.swift in Sources */,
				A68F2CE61FD772E8005D4342 /* PhotoAlbumViewController.swift in Sources */,
				A65EC8071FD988400034B379 /* Model.xcdatamodeld in Sources */,
			);
			runOnlyForDeploymentPostprocessing = 0;
		};
/* End PBXSourcesBuildPhase section */

/* Begin PBXVariantGroup section */
		A661D9341FD771FB004CF5B8 /* Main.storyboard */ = {
			isa = PBXVariantGroup;
			children = (
				A661D9351FD771FB004CF5B8 /* Base */,
			);
			name = Main.storyboard;
			sourceTree = "<group>";
		};
		A661D9391FD771FB004CF5B8 /* LaunchScreen.storyboard */ = {
			isa = PBXVariantGroup;
			children = (
				A661D93A1FD771FB004CF5B8 /* Base */,
			);
			name = LaunchScreen.storyboard;
			sourceTree = "<group>";
		};
/* End PBXVariantGroup section */

/* Begin XCBuildConfiguration section */
		A661D93D1FD771FB004CF5B8 /* Debug */ = {
			isa = XCBuildConfiguration;
			buildSettings = {
				ALWAYS_SEARCH_USER_PATHS = NO;
				CLANG_ANALYZER_NONNULL = YES;
				CLANG_ANALYZER_NUMBER_OBJECT_CONVERSION = YES_AGGRESSIVE;
				CLANG_CXX_LANGUAGE_STANDARD = "gnu++14";
				CLANG_CXX_LIBRARY = "libc++";
				CLANG_ENABLE_MODULES = YES;
				CLANG_ENABLE_OBJC_ARC = YES;
				CLANG_WARN_BLOCK_CAPTURE_AUTORELEASING = YES;
				CLANG_WARN_BOOL_CONVERSION = YES;
				CLANG_WARN_COMMA = YES;
				CLANG_WARN_CONSTANT_CONVERSION = YES;
				CLANG_WARN_DIRECT_OBJC_ISA_USAGE = YES_ERROR;
				CLANG_WARN_DOCUMENTATION_COMMENTS = YES;
				CLANG_WARN_EMPTY_BODY = YES;
				CLANG_WARN_ENUM_CONVERSION = YES;
				CLANG_WARN_INFINITE_RECURSION = YES;
				CLANG_WARN_INT_CONVERSION = YES;
				CLANG_WARN_NON_LITERAL_NULL_CONVERSION = YES;
				CLANG_WARN_OBJC_LITERAL_CONVERSION = YES;
				CLANG_WARN_OBJC_ROOT_CLASS = YES_ERROR;
				CLANG_WARN_RANGE_LOOP_ANALYSIS = YES;
				CLANG_WARN_STRICT_PROTOTYPES = YES;
				CLANG_WARN_SUSPICIOUS_MOVE = YES;
				CLANG_WARN_UNGUARDED_AVAILABILITY = YES_AGGRESSIVE;
				CLANG_WARN_UNREACHABLE_CODE = YES;
				CLANG_WARN__DUPLICATE_METHOD_MATCH = YES;
				CODE_SIGN_IDENTITY = "iPhone Developer";
				COPY_PHASE_STRIP = NO;
				DEBUG_INFORMATION_FORMAT = dwarf;
				ENABLE_STRICT_OBJC_MSGSEND = YES;
				ENABLE_TESTABILITY = YES;
				GCC_C_LANGUAGE_STANDARD = gnu11;
				GCC_DYNAMIC_NO_PIC = NO;
				GCC_NO_COMMON_BLOCKS = YES;
				GCC_OPTIMIZATION_LEVEL = 0;
				GCC_PREPROCESSOR_DEFINITIONS = (
					"DEBUG=1",
					"$(inherited)",
				);
				GCC_WARN_64_TO_32_BIT_CONVERSION = YES;
				GCC_WARN_ABOUT_RETURN_TYPE = YES_ERROR;
				GCC_WARN_UNDECLARED_SELECTOR = YES;
				GCC_WARN_UNINITIALIZED_AUTOS = YES_AGGRESSIVE;
				GCC_WARN_UNUSED_FUNCTION = YES;
				GCC_WARN_UNUSED_VARIABLE = YES;
				IPHONEOS_DEPLOYMENT_TARGET = 11.1;
				MTL_ENABLE_DEBUG_INFO = YES;
				ONLY_ACTIVE_ARCH = YES;
				SDKROOT = iphoneos;
				SWIFT_ACTIVE_COMPILATION_CONDITIONS = DEBUG;
				SWIFT_OPTIMIZATION_LEVEL = "-Onone";
			};
			name = Debug;
		};
		A661D93E1FD771FB004CF5B8 /* Release */ = {
			isa = XCBuildConfiguration;
			buildSettings = {
				ALWAYS_SEARCH_USER_PATHS = NO;
				CLANG_ANALYZER_NONNULL = YES;
				CLANG_ANALYZER_NUMBER_OBJECT_CONVERSION = YES_AGGRESSIVE;
				CLANG_CXX_LANGUAGE_STANDARD = "gnu++14";
				CLANG_CXX_LIBRARY = "libc++";
				CLANG_ENABLE_MODULES = YES;
				CLANG_ENABLE_OBJC_ARC = YES;
				CLANG_WARN_BLOCK_CAPTURE_AUTORELEASING = YES;
				CLANG_WARN_BOOL_CONVERSION = YES;
				CLANG_WARN_COMMA = YES;
				CLANG_WARN_CONSTANT_CONVERSION = YES;
				CLANG_WARN_DIRECT_OBJC_ISA_USAGE = YES_ERROR;
				CLANG_WARN_DOCUMENTATION_COMMENTS = YES;
				CLANG_WARN_EMPTY_BODY = YES;
				CLANG_WARN_ENUM_CONVERSION = YES;
				CLANG_WARN_INFINITE_RECURSION = YES;
				CLANG_WARN_INT_CONVERSION = YES;
				CLANG_WARN_NON_LITERAL_NULL_CONVERSION = YES;
				CLANG_WARN_OBJC_LITERAL_CONVERSION = YES;
				CLANG_WARN_OBJC_ROOT_CLASS = YES_ERROR;
				CLANG_WARN_RANGE_LOOP_ANALYSIS = YES;
				CLANG_WARN_STRICT_PROTOTYPES = YES;
				CLANG_WARN_SUSPICIOUS_MOVE = YES;
				CLANG_WARN_UNGUARDED_AVAILABILITY = YES_AGGRESSIVE;
				CLANG_WARN_UNREACHABLE_CODE = YES;
				CLANG_WARN__DUPLICATE_METHOD_MATCH = YES;
				CODE_SIGN_IDENTITY = "iPhone Developer";
				COPY_PHASE_STRIP = NO;
				DEBUG_INFORMATION_FORMAT = "dwarf-with-dsym";
				ENABLE_NS_ASSERTIONS = NO;
				ENABLE_STRICT_OBJC_MSGSEND = YES;
				GCC_C_LANGUAGE_STANDARD = gnu11;
				GCC_NO_COMMON_BLOCKS = YES;
				GCC_WARN_64_TO_32_BIT_CONVERSION = YES;
				GCC_WARN_ABOUT_RETURN_TYPE = YES_ERROR;
				GCC_WARN_UNDECLARED_SELECTOR = YES;
				GCC_WARN_UNINITIALIZED_AUTOS = YES_AGGRESSIVE;
				GCC_WARN_UNUSED_FUNCTION = YES;
				GCC_WARN_UNUSED_VARIABLE = YES;
				IPHONEOS_DEPLOYMENT_TARGET = 11.1;
				MTL_ENABLE_DEBUG_INFO = NO;
				SDKROOT = iphoneos;
				SWIFT_OPTIMIZATION_LEVEL = "-Owholemodule";
				VALIDATE_PRODUCT = YES;
			};
			name = Release;
		};
		A661D9401FD771FB004CF5B8 /* Debug */ = {
			isa = XCBuildConfiguration;
			buildSettings = {
				ASSETCATALOG_COMPILER_APPICON_NAME = AppIcon;
				CODE_SIGN_STYLE = Automatic;
				DEVELOPMENT_TEAM = QE68JBKWWB;
				INFOPLIST_FILE = "Virtual Tourist/Info.plist";
				IPHONEOS_DEPLOYMENT_TARGET = 10;
				LD_RUNPATH_SEARCH_PATHS = "$(inherited) @executable_path/Frameworks";
				PRODUCT_BUNDLE_IDENTIFIER = "com.luko.Virtual-Tourist";
				PRODUCT_NAME = "$(TARGET_NAME)";
				SWIFT_VERSION = 4.0;
				TARGETED_DEVICE_FAMILY = "1,2";
			};
			name = Debug;
		};
		A661D9411FD771FB004CF5B8 /* Release */ = {
			isa = XCBuildConfiguration;
			buildSettings = {
				ASSETCATALOG_COMPILER_APPICON_NAME = AppIcon;
				CODE_SIGN_STYLE = Automatic;
				DEVELOPMENT_TEAM = QE68JBKWWB;
				INFOPLIST_FILE = "Virtual Tourist/Info.plist";
				IPHONEOS_DEPLOYMENT_TARGET = 10;
				LD_RUNPATH_SEARCH_PATHS = "$(inherited) @executable_path/Frameworks";
				PRODUCT_BUNDLE_IDENTIFIER = "com.luko.Virtual-Tourist";
				PRODUCT_NAME = "$(TARGET_NAME)";
				SWIFT_VERSION = 4.0;
				TARGETED_DEVICE_FAMILY = "1,2";
			};
			name = Release;
		};
/* End XCBuildConfiguration section */

/* Begin XCConfigurationList section */
		A661D9281FD771FB004CF5B8 /* Build configuration list for PBXProject "Virtual Tourist" */ = {
			isa = XCConfigurationList;
			buildConfigurations = (
				A661D93D1FD771FB004CF5B8 /* Debug */,
				A661D93E1FD771FB004CF5B8 /* Release */,
			);
			defaultConfigurationIsVisible = 0;
			defaultConfigurationName = Release;
		};
		A661D93F1FD771FB004CF5B8 /* Build configuration list for PBXNativeTarget "Virtual Tourist" */ = {
			isa = XCConfigurationList;
			buildConfigurations = (
				A661D9401FD771FB004CF5B8 /* Debug */,
				A661D9411FD771FB004CF5B8 /* Release */,
			);
			defaultConfigurationIsVisible = 0;
			defaultConfigurationName = Release;
		};
/* End XCConfigurationList section */

/* Begin XCVersionGroup section */
		A65EC8051FD988400034B379 /* Model.xcdatamodeld */ = {
			isa = XCVersionGroup;
			children = (
				A65EC8061FD988400034B379 /* Model.xcdatamodel */,
			);
			currentVersion = A65EC8061FD988400034B379 /* Model.xcdatamodel */;
			path = Model.xcdatamodeld;
			sourceTree = "<group>";
			versionGroupType = wrapper.xcdatamodel;
		};
/* End XCVersionGroup section */
	};
	rootObject = A661D9251FD771FB004CF5B8 /* Project object */;
}
